// !$*UTF8*$!
{
	archiveVersion = 1;
	classes = {
	};
	objectVersion = 50;
	objects = {

/* Begin PBXBuildFile section */
		9804661041FBF3AC8A7C1BD6 /* Pods_fastlane_jenkinsTests.framework in Frameworks */ = {isa = PBXBuildFile; fileRef = DC14696FA55409604F1254F4 /* Pods_fastlane_jenkinsTests.framework */; };
		A67CA3F38CD2024B00ACC08C /* Pods_fastlane_jenkinsUITests.framework in Frameworks */ = {isa = PBXBuildFile; fileRef = 516F97F89E864A7A1E1244B5 /* Pods_fastlane_jenkinsUITests.framework */; };
		D432BDE8217F605100080B64 /* AppDelegate.swift in Sources */ = {isa = PBXBuildFile; fileRef = D432BDE7217F605100080B64 /* AppDelegate.swift */; };
		D432BDEA217F605100080B64 /* ViewController.swift in Sources */ = {isa = PBXBuildFile; fileRef = D432BDE9217F605100080B64 /* ViewController.swift */; };
		D432BDED217F605100080B64 /* Main.storyboard in Resources */ = {isa = PBXBuildFile; fileRef = D432BDEB217F605100080B64 /* Main.storyboard */; };
		D432BDEF217F605200080B64 /* Assets.xcassets in Resources */ = {isa = PBXBuildFile; fileRef = D432BDEE217F605200080B64 /* Assets.xcassets */; };
		D432BDF2217F605200080B64 /* LaunchScreen.storyboard in Resources */ = {isa = PBXBuildFile; fileRef = D432BDF0217F605200080B64 /* LaunchScreen.storyboard */; };
		D432BDFD217F605200080B64 /* fastlane_jenkinsTests.swift in Sources */ = {isa = PBXBuildFile; fileRef = D432BDFC217F605200080B64 /* fastlane_jenkinsTests.swift */; };
		D432BE08217F605200080B64 /* fastlane_jenkinsUITests.swift in Sources */ = {isa = PBXBuildFile; fileRef = D432BE07217F605200080B64 /* fastlane_jenkinsUITests.swift */; };
		E1F581D43F20D939BB1C024B /* Pods_fastlane_jenkins.framework in Frameworks */ = {isa = PBXBuildFile; fileRef = 82811AB68E7B3E52E06612E7 /* Pods_fastlane_jenkins.framework */; };
/* End PBXBuildFile section */

/* Begin PBXContainerItemProxy section */
		D432BDF9217F605200080B64 /* PBXContainerItemProxy */ = {
			isa = PBXContainerItemProxy;
			containerPortal = D432BDDC217F605100080B64 /* Project object */;
			proxyType = 1;
			remoteGlobalIDString = D432BDE3217F605100080B64;
			remoteInfo = "fastlane-jenkins";
		};
		D432BE04217F605200080B64 /* PBXContainerItemProxy */ = {
			isa = PBXContainerItemProxy;
			containerPortal = D432BDDC217F605100080B64 /* Project object */;
			proxyType = 1;
			remoteGlobalIDString = D432BDE3217F605100080B64;
			remoteInfo = "fastlane-jenkins";
		};
/* End PBXContainerItemProxy section */

/* Begin PBXFileReference section */
		057DD74BBA7177103EFF3F76 /* Pods-fastlane-jenkinsUITests.debug.xcconfig */ = {isa = PBXFileReference; includeInIndex = 1; lastKnownFileType = text.xcconfig; name = "Pods-fastlane-jenkinsUITests.debug.xcconfig"; path = "Pods/Target Support Files/Pods-fastlane-jenkinsUITests/Pods-fastlane-jenkinsUITests.debug.xcconfig"; sourceTree = "<group>"; };
		516F97F89E864A7A1E1244B5 /* Pods_fastlane_jenkinsUITests.framework */ = {isa = PBXFileReference; explicitFileType = wrapper.framework; includeInIndex = 0; path = Pods_fastlane_jenkinsUITests.framework; sourceTree = BUILT_PRODUCTS_DIR; };
		7E35185CBD19CEF3E04EE6AA /* Pods-fastlane-jenkinsTests.debug.xcconfig */ = {isa = PBXFileReference; includeInIndex = 1; lastKnownFileType = text.xcconfig; name = "Pods-fastlane-jenkinsTests.debug.xcconfig"; path = "Pods/Target Support Files/Pods-fastlane-jenkinsTests/Pods-fastlane-jenkinsTests.debug.xcconfig"; sourceTree = "<group>"; };
		82811AB68E7B3E52E06612E7 /* Pods_fastlane_jenkins.framework */ = {isa = PBXFileReference; explicitFileType = wrapper.framework; includeInIndex = 0; path = Pods_fastlane_jenkins.framework; sourceTree = BUILT_PRODUCTS_DIR; };
		8551C344483C20E2F0A6F34F /* Pods-fastlane-jenkinsTests.release.xcconfig */ = {isa = PBXFileReference; includeInIndex = 1; lastKnownFileType = text.xcconfig; name = "Pods-fastlane-jenkinsTests.release.xcconfig"; path = "Pods/Target Support Files/Pods-fastlane-jenkinsTests/Pods-fastlane-jenkinsTests.release.xcconfig"; sourceTree = "<group>"; };
		A2B97CBE1A1B0CD5EA36713D /* Pods-fastlane-jenkinsUITests.release.xcconfig */ = {isa = PBXFileReference; includeInIndex = 1; lastKnownFileType = text.xcconfig; name = "Pods-fastlane-jenkinsUITests.release.xcconfig"; path = "Pods/Target Support Files/Pods-fastlane-jenkinsUITests/Pods-fastlane-jenkinsUITests.release.xcconfig"; sourceTree = "<group>"; };
		D432BDE4217F605100080B64 /* fastlane-jenkins.app */ = {isa = PBXFileReference; explicitFileType = wrapper.application; includeInIndex = 0; path = "fastlane-jenkins.app"; sourceTree = BUILT_PRODUCTS_DIR; };
		D432BDE7217F605100080B64 /* AppDelegate.swift */ = {isa = PBXFileReference; lastKnownFileType = sourcecode.swift; path = AppDelegate.swift; sourceTree = "<group>"; };
		D432BDE9217F605100080B64 /* ViewController.swift */ = {isa = PBXFileReference; lastKnownFileType = sourcecode.swift; path = ViewController.swift; sourceTree = "<group>"; };
		D432BDEC217F605100080B64 /* Base */ = {isa = PBXFileReference; lastKnownFileType = file.storyboard; name = Base; path = Base.lproj/Main.storyboard; sourceTree = "<group>"; };
		D432BDEE217F605200080B64 /* Assets.xcassets */ = {isa = PBXFileReference; lastKnownFileType = folder.assetcatalog; path = Assets.xcassets; sourceTree = "<group>"; };
		D432BDF1217F605200080B64 /* Base */ = {isa = PBXFileReference; lastKnownFileType = file.storyboard; name = Base; path = Base.lproj/LaunchScreen.storyboard; sourceTree = "<group>"; };
		D432BDF3217F605200080B64 /* Info.plist */ = {isa = PBXFileReference; lastKnownFileType = text.plist.xml; path = Info.plist; sourceTree = "<group>"; };
		D432BDF8217F605200080B64 /* fastlane-jenkinsTests.xctest */ = {isa = PBXFileReference; explicitFileType = wrapper.cfbundle; includeInIndex = 0; path = "fastlane-jenkinsTests.xctest"; sourceTree = BUILT_PRODUCTS_DIR; };
		D432BDFC217F605200080B64 /* fastlane_jenkinsTests.swift */ = {isa = PBXFileReference; lastKnownFileType = sourcecode.swift; path = fastlane_jenkinsTests.swift; sourceTree = "<group>"; };
		D432BDFE217F605200080B64 /* Info.plist */ = {isa = PBXFileReference; lastKnownFileType = text.plist.xml; path = Info.plist; sourceTree = "<group>"; };
		D432BE03217F605200080B64 /* fastlane-jenkinsUITests.xctest */ = {isa = PBXFileReference; explicitFileType = wrapper.cfbundle; includeInIndex = 0; path = "fastlane-jenkinsUITests.xctest"; sourceTree = BUILT_PRODUCTS_DIR; };
		D432BE07217F605200080B64 /* fastlane_jenkinsUITests.swift */ = {isa = PBXFileReference; lastKnownFileType = sourcecode.swift; path = fastlane_jenkinsUITests.swift; sourceTree = "<group>"; };
		D432BE09217F605200080B64 /* Info.plist */ = {isa = PBXFileReference; lastKnownFileType = text.plist.xml; path = Info.plist; sourceTree = "<group>"; };
		DC14696FA55409604F1254F4 /* Pods_fastlane_jenkinsTests.framework */ = {isa = PBXFileReference; explicitFileType = wrapper.framework; includeInIndex = 0; path = Pods_fastlane_jenkinsTests.framework; sourceTree = BUILT_PRODUCTS_DIR; };
		F34366FE90F93532CFF6BF9F /* Pods-fastlane-jenkins.debug.xcconfig */ = {isa = PBXFileReference; includeInIndex = 1; lastKnownFileType = text.xcconfig; name = "Pods-fastlane-jenkins.debug.xcconfig"; path = "Pods/Target Support Files/Pods-fastlane-jenkins/Pods-fastlane-jenkins.debug.xcconfig"; sourceTree = "<group>"; };
		F379AE11A3436111297369AC /* Pods-fastlane-jenkins.release.xcconfig */ = {isa = PBXFileReference; includeInIndex = 1; lastKnownFileType = text.xcconfig; name = "Pods-fastlane-jenkins.release.xcconfig"; path = "Pods/Target Support Files/Pods-fastlane-jenkins/Pods-fastlane-jenkins.release.xcconfig"; sourceTree = "<group>"; };
/* End PBXFileReference section */

/* Begin PBXFrameworksBuildPhase section */
		D432BDE1217F605100080B64 /* Frameworks */ = {
			isa = PBXFrameworksBuildPhase;
			buildActionMask = 2147483647;
			files = (
				E1F581D43F20D939BB1C024B /* Pods_fastlane_jenkins.framework in Frameworks */,
			);
			runOnlyForDeploymentPostprocessing = 0;
		};
		D432BDF5217F605200080B64 /* Frameworks */ = {
			isa = PBXFrameworksBuildPhase;
			buildActionMask = 2147483647;
			files = (
				9804661041FBF3AC8A7C1BD6 /* Pods_fastlane_jenkinsTests.framework in Frameworks */,
			);
			runOnlyForDeploymentPostprocessing = 0;
		};
		D432BE00217F605200080B64 /* Frameworks */ = {
			isa = PBXFrameworksBuildPhase;
			buildActionMask = 2147483647;
			files = (
				A67CA3F38CD2024B00ACC08C /* Pods_fastlane_jenkinsUITests.framework in Frameworks */,
			);
			runOnlyForDeploymentPostprocessing = 0;
		};
/* End PBXFrameworksBuildPhase section */

/* Begin PBXGroup section */
		19EF7A635264FB32294CB3A7 /* Frameworks */ = {
			isa = PBXGroup;
			children = (
				82811AB68E7B3E52E06612E7 /* Pods_fastlane_jenkins.framework */,
				DC14696FA55409604F1254F4 /* Pods_fastlane_jenkinsTests.framework */,
				516F97F89E864A7A1E1244B5 /* Pods_fastlane_jenkinsUITests.framework */,
			);
			name = Frameworks;
			sourceTree = "<group>";
		};
		680F26FFD9C1A097DBA25725 /* Pods */ = {
			isa = PBXGroup;
			children = (
				F34366FE90F93532CFF6BF9F /* Pods-fastlane-jenkins.debug.xcconfig */,
				F379AE11A3436111297369AC /* Pods-fastlane-jenkins.release.xcconfig */,
				7E35185CBD19CEF3E04EE6AA /* Pods-fastlane-jenkinsTests.debug.xcconfig */,
				8551C344483C20E2F0A6F34F /* Pods-fastlane-jenkinsTests.release.xcconfig */,
				057DD74BBA7177103EFF3F76 /* Pods-fastlane-jenkinsUITests.debug.xcconfig */,
				A2B97CBE1A1B0CD5EA36713D /* Pods-fastlane-jenkinsUITests.release.xcconfig */,
			);
			name = Pods;
			sourceTree = "<group>";
		};
		D432BDDB217F605100080B64 = {
			isa = PBXGroup;
			children = (
				D432BDE6217F605100080B64 /* fastlane-jenkins */,
				D432BDFB217F605200080B64 /* fastlane-jenkinsTests */,
				D432BE06217F605200080B64 /* fastlane-jenkinsUITests */,
				D432BDE5217F605100080B64 /* Products */,
				680F26FFD9C1A097DBA25725 /* Pods */,
				19EF7A635264FB32294CB3A7 /* Frameworks */,
			);
			sourceTree = "<group>";
		};
		D432BDE5217F605100080B64 /* Products */ = {
			isa = PBXGroup;
			children = (
				D432BDE4217F605100080B64 /* fastlane-jenkins.app */,
				D432BDF8217F605200080B64 /* fastlane-jenkinsTests.xctest */,
				D432BE03217F605200080B64 /* fastlane-jenkinsUITests.xctest */,
			);
			name = Products;
			sourceTree = "<group>";
		};
		D432BDE6217F605100080B64 /* fastlane-jenkins */ = {
			isa = PBXGroup;
			children = (
				D432BDE7217F605100080B64 /* AppDelegate.swift */,
				D432BDE9217F605100080B64 /* ViewController.swift */,
				D432BDEB217F605100080B64 /* Main.storyboard */,
				D432BDEE217F605200080B64 /* Assets.xcassets */,
				D432BDF0217F605200080B64 /* LaunchScreen.storyboard */,
				D432BDF3217F605200080B64 /* Info.plist */,
			);
			path = "fastlane-jenkins";
			sourceTree = "<group>";
		};
		D432BDFB217F605200080B64 /* fastlane-jenkinsTests */ = {
			isa = PBXGroup;
			children = (
				D432BDFC217F605200080B64 /* fastlane_jenkinsTests.swift */,
				D432BDFE217F605200080B64 /* Info.plist */,
			);
			path = "fastlane-jenkinsTests";
			sourceTree = "<group>";
		};
		D432BE06217F605200080B64 /* fastlane-jenkinsUITests */ = {
			isa = PBXGroup;
			children = (
				D432BE07217F605200080B64 /* fastlane_jenkinsUITests.swift */,
				D432BE09217F605200080B64 /* Info.plist */,
			);
			path = "fastlane-jenkinsUITests";
			sourceTree = "<group>";
		};
/* End PBXGroup section */

/* Begin PBXNativeTarget section */
		D432BDE3217F605100080B64 /* fastlane-jenkins */ = {
			isa = PBXNativeTarget;
			buildConfigurationList = D432BE0C217F605200080B64 /* Build configuration list for PBXNativeTarget "fastlane-jenkins" */;
			buildPhases = (
				22A65E74240C900DDE912EE3 /* [CP] Check Pods Manifest.lock */,
				D432BDE0217F605100080B64 /* Sources */,
				D432BDE1217F605100080B64 /* Frameworks */,
				D432BDE2217F605100080B64 /* Resources */,
			);
			buildRules = (
			);
			dependencies = (
			);
			name = "fastlane-jenkins";
			productName = "fastlane-jenkins";
			productReference = D432BDE4217F605100080B64 /* fastlane-jenkins.app */;
			productType = "com.apple.product-type.application";
		};
		D432BDF7217F605200080B64 /* fastlane-jenkinsTests */ = {
			isa = PBXNativeTarget;
			buildConfigurationList = D432BE0F217F605200080B64 /* Build configuration list for PBXNativeTarget "fastlane-jenkinsTests" */;
			buildPhases = (
				463B45E48C6B9FAABD169A90 /* [CP] Check Pods Manifest.lock */,
				D432BDF4217F605200080B64 /* Sources */,
				D432BDF5217F605200080B64 /* Frameworks */,
				D432BDF6217F605200080B64 /* Resources */,
			);
			buildRules = (
			);
			dependencies = (
				D432BDFA217F605200080B64 /* PBXTargetDependency */,
			);
			name = "fastlane-jenkinsTests";
			productName = "fastlane-jenkinsTests";
			productReference = D432BDF8217F605200080B64 /* fastlane-jenkinsTests.xctest */;
			productType = "com.apple.product-type.bundle.unit-test";
		};
		D432BE02217F605200080B64 /* fastlane-jenkinsUITests */ = {
			isa = PBXNativeTarget;
			buildConfigurationList = D432BE12217F605200080B64 /* Build configuration list for PBXNativeTarget "fastlane-jenkinsUITests" */;
			buildPhases = (
				A488AE1466BEED15580D8965 /* [CP] Check Pods Manifest.lock */,
				D432BDFF217F605200080B64 /* Sources */,
				D432BE00217F605200080B64 /* Frameworks */,
				D432BE01217F605200080B64 /* Resources */,
			);
			buildRules = (
			);
			dependencies = (
				D432BE05217F605200080B64 /* PBXTargetDependency */,
			);
			name = "fastlane-jenkinsUITests";
			productName = "fastlane-jenkinsUITests";
			productReference = D432BE03217F605200080B64 /* fastlane-jenkinsUITests.xctest */;
			productType = "com.apple.product-type.bundle.ui-testing";
		};
/* End PBXNativeTarget section */

/* Begin PBXProject section */
		D432BDDC217F605100080B64 /* Project object */ = {
			isa = PBXProject;
			attributes = {
				LastSwiftUpdateCheck = 1000;
				LastUpgradeCheck = 1000;
				ORGANIZATIONNAME = Organization;
				TargetAttributes = {
					D432BDE3217F605100080B64 = {
						CreatedOnToolsVersion = 10.0;
					};
					D432BDF7217F605200080B64 = {
						CreatedOnToolsVersion = 10.0;
						TestTargetID = D432BDE3217F605100080B64;
					};
					D432BE02217F605200080B64 = {
						CreatedOnToolsVersion = 10.0;
						TestTargetID = D432BDE3217F605100080B64;
					};
				};
			};
			buildConfigurationList = D432BDDF217F605100080B64 /* Build configuration list for PBXProject "fastlane-jenkins" */;
			compatibilityVersion = "Xcode 9.3";
			developmentRegion = en;
			hasScannedForEncodings = 0;
			knownRegions = (
				en,
				Base,
			);
			mainGroup = D432BDDB217F605100080B64;
			productRefGroup = D432BDE5217F605100080B64 /* Products */;
			projectDirPath = "";
			projectRoot = "";
			targets = (
				D432BDE3217F605100080B64 /* fastlane-jenkins */,
				D432BDF7217F605200080B64 /* fastlane-jenkinsTests */,
				D432BE02217F605200080B64 /* fastlane-jenkinsUITests */,
			);
		};
/* End PBXProject section */

/* Begin PBXResourcesBuildPhase section */
		D432BDE2217F605100080B64 /* Resources */ = {
			isa = PBXResourcesBuildPhase;
			buildActionMask = 2147483647;
			files = (
				D432BDF2217F605200080B64 /* LaunchScreen.storyboard in Resources */,
				D432BDEF217F605200080B64 /* Assets.xcassets in Resources */,
				D432BDED217F605100080B64 /* Main.storyboard in Resources */,
			);
			runOnlyForDeploymentPostprocessing = 0;
		};
		D432BDF6217F605200080B64 /* Resources */ = {
			isa = PBXResourcesBuildPhase;
			buildActionMask = 2147483647;
			files = (
			);
			runOnlyForDeploymentPostprocessing = 0;
		};
		D432BE01217F605200080B64 /* Resources */ = {
			isa = PBXResourcesBuildPhase;
			buildActionMask = 2147483647;
			files = (
			);
			runOnlyForDeploymentPostprocessing = 0;
		};
/* End PBXResourcesBuildPhase section */

/* Begin PBXShellScriptBuildPhase section */
		22A65E74240C900DDE912EE3 /* [CP] Check Pods Manifest.lock */ = {
			isa = PBXShellScriptBuildPhase;
			buildActionMask = 2147483647;
			files = (
			);
			inputFileListPaths = (
			);
			inputPaths = (
				"${PODS_PODFILE_DIR_PATH}/Podfile.lock",
				"${PODS_ROOT}/Manifest.lock",
			);
			name = "[CP] Check Pods Manifest.lock";
			outputFileListPaths = (
			);
			outputPaths = (
				"$(DERIVED_FILE_DIR)/Pods-fastlane-jenkins-checkManifestLockResult.txt",
			);
			runOnlyForDeploymentPostprocessing = 0;
			shellPath = /bin/sh;
			shellScript = "diff \"${PODS_PODFILE_DIR_PATH}/Podfile.lock\" \"${PODS_ROOT}/Manifest.lock\" > /dev/null\nif [ $? != 0 ] ; then\n    # print error to STDERR\n    echo \"error: The sandbox is not in sync with the Podfile.lock. Run 'pod install' or update your CocoaPods installation.\" >&2\n    exit 1\nfi\n# This output is used by Xcode 'outputs' to avoid re-running this script phase.\necho \"SUCCESS\" > \"${SCRIPT_OUTPUT_FILE_0}\"\n";
			showEnvVarsInLog = 0;
		};
		463B45E48C6B9FAABD169A90 /* [CP] Check Pods Manifest.lock */ = {
			isa = PBXShellScriptBuildPhase;
			buildActionMask = 2147483647;
			files = (
			);
			inputFileListPaths = (
			);
			inputPaths = (
				"${PODS_PODFILE_DIR_PATH}/Podfile.lock",
				"${PODS_ROOT}/Manifest.lock",
			);
			name = "[CP] Check Pods Manifest.lock";
			outputFileListPaths = (
			);
			outputPaths = (
				"$(DERIVED_FILE_DIR)/Pods-fastlane-jenkinsTests-checkManifestLockResult.txt",
			);
			runOnlyForDeploymentPostprocessing = 0;
			shellPath = /bin/sh;
			shellScript = "diff \"${PODS_PODFILE_DIR_PATH}/Podfile.lock\" \"${PODS_ROOT}/Manifest.lock\" > /dev/null\nif [ $? != 0 ] ; then\n    # print error to STDERR\n    echo \"error: The sandbox is not in sync with the Podfile.lock. Run 'pod install' or update your CocoaPods installation.\" >&2\n    exit 1\nfi\n# This output is used by Xcode 'outputs' to avoid re-running this script phase.\necho \"SUCCESS\" > \"${SCRIPT_OUTPUT_FILE_0}\"\n";
			showEnvVarsInLog = 0;
		};
		A488AE1466BEED15580D8965 /* [CP] Check Pods Manifest.lock */ = {
			isa = PBXShellScriptBuildPhase;
			buildActionMask = 2147483647;
			files = (
			);
			inputFileListPaths = (
			);
			inputPaths = (
				"${PODS_PODFILE_DIR_PATH}/Podfile.lock",
				"${PODS_ROOT}/Manifest.lock",
			);
			name = "[CP] Check Pods Manifest.lock";
			outputFileListPaths = (
			);
			outputPaths = (
				"$(DERIVED_FILE_DIR)/Pods-fastlane-jenkinsUITests-checkManifestLockResult.txt",
			);
			runOnlyForDeploymentPostprocessing = 0;
			shellPath = /bin/sh;
			shellScript = "diff \"${PODS_PODFILE_DIR_PATH}/Podfile.lock\" \"${PODS_ROOT}/Manifest.lock\" > /dev/null\nif [ $? != 0 ] ; then\n    # print error to STDERR\n    echo \"error: The sandbox is not in sync with the Podfile.lock. Run 'pod install' or update your CocoaPods installation.\" >&2\n    exit 1\nfi\n# This output is used by Xcode 'outputs' to avoid re-running this script phase.\necho \"SUCCESS\" > \"${SCRIPT_OUTPUT_FILE_0}\"\n";
			showEnvVarsInLog = 0;
		};
/* End PBXShellScriptBuildPhase section */

/* Begin PBXSourcesBuildPhase section */
		D432BDE0217F605100080B64 /* Sources */ = {
			isa = PBXSourcesBuildPhase;
			buildActionMask = 2147483647;
			files = (
				D432BDEA217F605100080B64 /* ViewController.swift in Sources */,
				D432BDE8217F605100080B64 /* AppDelegate.swift in Sources */,
			);
			runOnlyForDeploymentPostprocessing = 0;
		};
		D432BDF4217F605200080B64 /* Sources */ = {
			isa = PBXSourcesBuildPhase;
			buildActionMask = 2147483647;
			files = (
				D432BDFD217F605200080B64 /* fastlane_jenkinsTests.swift in Sources */,
			);
			runOnlyForDeploymentPostprocessing = 0;
		};
		D432BDFF217F605200080B64 /* Sources */ = {
			isa = PBXSourcesBuildPhase;
			buildActionMask = 2147483647;
			files = (
				D432BE08217F605200080B64 /* fastlane_jenkinsUITests.swift in Sources */,
			);
			runOnlyForDeploymentPostprocessing = 0;
		};
/* End PBXSourcesBuildPhase section */

/* Begin PBXTargetDependency section */
		D432BDFA217F605200080B64 /* PBXTargetDependency */ = {
			isa = PBXTargetDependency;
			target = D432BDE3217F605100080B64 /* fastlane-jenkins */;
			targetProxy = D432BDF9217F605200080B64 /* PBXContainerItemProxy */;
		};
		D432BE05217F605200080B64 /* PBXTargetDependency */ = {
			isa = PBXTargetDependency;
			target = D432BDE3217F605100080B64 /* fastlane-jenkins */;
			targetProxy = D432BE04217F605200080B64 /* PBXContainerItemProxy */;
		};
/* End PBXTargetDependency section */

/* Begin PBXVariantGroup section */
		D432BDEB217F605100080B64 /* Main.storyboard */ = {
			isa = PBXVariantGroup;
			children = (
				D432BDEC217F605100080B64 /* Base */,
			);
			name = Main.storyboard;
			sourceTree = "<group>";
		};
		D432BDF0217F605200080B64 /* LaunchScreen.storyboard */ = {
			isa = PBXVariantGroup;
			children = (
				D432BDF1217F605200080B64 /* Base */,
			);
			name = LaunchScreen.storyboard;
			sourceTree = "<group>";
		};
/* End PBXVariantGroup section */

/* Begin XCBuildConfiguration section */
		D432BE0A217F605200080B64 /* Debug */ = {
			isa = XCBuildConfiguration;
			buildSettings = {
				ALWAYS_SEARCH_USER_PATHS = NO;
				CLANG_ANALYZER_NONNULL = YES;
				CLANG_ANALYZER_NUMBER_OBJECT_CONVERSION = YES_AGGRESSIVE;
				CLANG_CXX_LANGUAGE_STANDARD = "gnu++14";
				CLANG_CXX_LIBRARY = "libc++";
				CLANG_ENABLE_MODULES = YES;
				CLANG_ENABLE_OBJC_ARC = YES;
				CLANG_ENABLE_OBJC_WEAK = YES;
				CLANG_WARN_BLOCK_CAPTURE_AUTORELEASING = YES;
				CLANG_WARN_BOOL_CONVERSION = YES;
				CLANG_WARN_COMMA = YES;
				CLANG_WARN_CONSTANT_CONVERSION = YES;
				CLANG_WARN_DEPRECATED_OBJC_IMPLEMENTATIONS = YES;
				CLANG_WARN_DIRECT_OBJC_ISA_USAGE = YES_ERROR;
				CLANG_WARN_DOCUMENTATION_COMMENTS = YES;
				CLANG_WARN_EMPTY_BODY = YES;
				CLANG_WARN_ENUM_CONVERSION = YES;
				CLANG_WARN_INFINITE_RECURSION = YES;
				CLANG_WARN_INT_CONVERSION = YES;
				CLANG_WARN_NON_LITERAL_NULL_CONVERSION = YES;
				CLANG_WARN_OBJC_IMPLICIT_RETAIN_SELF = YES;
				CLANG_WARN_OBJC_LITERAL_CONVERSION = YES;
				CLANG_WARN_OBJC_ROOT_CLASS = YES_ERROR;
				CLANG_WARN_RANGE_LOOP_ANALYSIS = YES;
				CLANG_WARN_STRICT_PROTOTYPES = YES;
				CLANG_WARN_SUSPICIOUS_MOVE = YES;
				CLANG_WARN_UNGUARDED_AVAILABILITY = YES_AGGRESSIVE;
				CLANG_WARN_UNREACHABLE_CODE = YES;
				CLANG_WARN__DUPLICATE_METHOD_MATCH = YES;
				CODE_SIGN_IDENTITY = "iPhone Developer";
				COPY_PHASE_STRIP = NO;
				DEBUG_INFORMATION_FORMAT = dwarf;
				ENABLE_STRICT_OBJC_MSGSEND = YES;
				ENABLE_TESTABILITY = YES;
				GCC_C_LANGUAGE_STANDARD = gnu11;
				GCC_DYNAMIC_NO_PIC = NO;
				GCC_NO_COMMON_BLOCKS = YES;
				GCC_OPTIMIZATION_LEVEL = 0;
				GCC_PREPROCESSOR_DEFINITIONS = (
					"DEBUG=1",
					"$(inherited)",
				);
				GCC_WARN_64_TO_32_BIT_CONVERSION = YES;
				GCC_WARN_ABOUT_RETURN_TYPE = YES_ERROR;
				GCC_WARN_UNDECLARED_SELECTOR = YES;
				GCC_WARN_UNINITIALIZED_AUTOS = YES_AGGRESSIVE;
				GCC_WARN_UNUSED_FUNCTION = YES;
				GCC_WARN_UNUSED_VARIABLE = YES;
				IPHONEOS_DEPLOYMENT_TARGET = 12.0;
				MTL_ENABLE_DEBUG_INFO = INCLUDE_SOURCE;
				MTL_FAST_MATH = YES;
				ONLY_ACTIVE_ARCH = YES;
				SDKROOT = iphoneos;
				SWIFT_ACTIVE_COMPILATION_CONDITIONS = DEBUG;
				SWIFT_OPTIMIZATION_LEVEL = "-Onone";
			};
			name = Debug;
		};
		D432BE0B217F605200080B64 /* Release */ = {
			isa = XCBuildConfiguration;
			buildSettings = {
				ALWAYS_SEARCH_USER_PATHS = NO;
				CLANG_ANALYZER_NONNULL = YES;
				CLANG_ANALYZER_NUMBER_OBJECT_CONVERSION = YES_AGGRESSIVE;
				CLANG_CXX_LANGUAGE_STANDARD = "gnu++14";
				CLANG_CXX_LIBRARY = "libc++";
				CLANG_ENABLE_MODULES = YES;
				CLANG_ENABLE_OBJC_ARC = YES;
				CLANG_ENABLE_OBJC_WEAK = YES;
				CLANG_WARN_BLOCK_CAPTURE_AUTORELEASING = YES;
				CLANG_WARN_BOOL_CONVERSION = YES;
				CLANG_WARN_COMMA = YES;
				CLANG_WARN_CONSTANT_CONVERSION = YES;
				CLANG_WARN_DEPRECATED_OBJC_IMPLEMENTATIONS = YES;
				CLANG_WARN_DIRECT_OBJC_ISA_USAGE = YES_ERROR;
				CLANG_WARN_DOCUMENTATION_COMMENTS = YES;
				CLANG_WARN_EMPTY_BODY = YES;
				CLANG_WARN_ENUM_CONVERSION = YES;
				CLANG_WARN_INFINITE_RECURSION = YES;
				CLANG_WARN_INT_CONVERSION = YES;
				CLANG_WARN_NON_LITERAL_NULL_CONVERSION = YES;
				CLANG_WARN_OBJC_IMPLICIT_RETAIN_SELF = YES;
				CLANG_WARN_OBJC_LITERAL_CONVERSION = YES;
				CLANG_WARN_OBJC_ROOT_CLASS = YES_ERROR;
				CLANG_WARN_RANGE_LOOP_ANALYSIS = YES;
				CLANG_WARN_STRICT_PROTOTYPES = YES;
				CLANG_WARN_SUSPICIOUS_MOVE = YES;
				CLANG_WARN_UNGUARDED_AVAILABILITY = YES_AGGRESSIVE;
				CLANG_WARN_UNREACHABLE_CODE = YES;
				CLANG_WARN__DUPLICATE_METHOD_MATCH = YES;
				CODE_SIGN_IDENTITY = "iPhone Developer";
				COPY_PHASE_STRIP = NO;
				DEBUG_INFORMATION_FORMAT = "dwarf-with-dsym";
				ENABLE_NS_ASSERTIONS = NO;
				ENABLE_STRICT_OBJC_MSGSEND = YES;
				GCC_C_LANGUAGE_STANDARD = gnu11;
				GCC_NO_COMMON_BLOCKS = YES;
				GCC_WARN_64_TO_32_BIT_CONVERSION = YES;
				GCC_WARN_ABOUT_RETURN_TYPE = YES_ERROR;
				GCC_WARN_UNDECLARED_SELECTOR = YES;
				GCC_WARN_UNINITIALIZED_AUTOS = YES_AGGRESSIVE;
				GCC_WARN_UNUSED_FUNCTION = YES;
				GCC_WARN_UNUSED_VARIABLE = YES;
				IPHONEOS_DEPLOYMENT_TARGET = 12.0;
				MTL_ENABLE_DEBUG_INFO = NO;
				MTL_FAST_MATH = YES;
				SDKROOT = iphoneos;
				SWIFT_COMPILATION_MODE = wholemodule;
				SWIFT_OPTIMIZATION_LEVEL = "-O";
				VALIDATE_PRODUCT = YES;
			};
			name = Release;
		};
		D432BE0D217F605200080B64 /* Debug */ = {
			isa = XCBuildConfiguration;
			baseConfigurationReference = F34366FE90F93532CFF6BF9F /* Pods-fastlane-jenkins.debug.xcconfig */;
			buildSettings = {
				ASSETCATALOG_COMPILER_APPICON_NAME = AppIcon;
				CODE_SIGN_STYLE = Automatic;
				DEVELOPMENT_TEAM = YTF2U5CADJ;
				INFOPLIST_FILE = "fastlane-jenkins/Info.plist";
				LD_RUNPATH_SEARCH_PATHS = (
					"$(inherited)",
					"@executable_path/Frameworks",
				);
				PRODUCT_BUNDLE_IDENTIFIER = "com.demo.fastlane-jenkins";
				PRODUCT_NAME = "$(TARGET_NAME)";
				SWIFT_VERSION = 4.2;
				TARGETED_DEVICE_FAMILY = "1,2";
			};
			name = Debug;
		};
		D432BE0E217F605200080B64 /* Release */ = {
			isa = XCBuildConfiguration;
			baseConfigurationReference = F379AE11A3436111297369AC /* Pods-fastlane-jenkins.release.xcconfig */;
			buildSettings = {
				ASSETCATALOG_COMPILER_APPICON_NAME = AppIcon;
				CODE_SIGN_STYLE = Automatic;
				DEVELOPMENT_TEAM = YTF2U5CADJ;
				INFOPLIST_FILE = "fastlane-jenkins/Info.plist";
				LD_RUNPATH_SEARCH_PATHS = (
					"$(inherited)",
					"@executable_path/Frameworks",
				);
				PRODUCT_BUNDLE_IDENTIFIER = "com.demo.fastlane-jenkins";
				PRODUCT_NAME = "$(TARGET_NAME)";
				SWIFT_VERSION = 4.2;
				TARGETED_DEVICE_FAMILY = "1,2";
			};
			name = Release;
		};
		D432BE10217F605200080B64 /* Debug */ = {
			isa = XCBuildConfiguration;
			baseConfigurationReference = 7E35185CBD19CEF3E04EE6AA /* Pods-fastlane-jenkinsTests.debug.xcconfig */;
			buildSettings = {
				ALWAYS_EMBED_SWIFT_STANDARD_LIBRARIES = YES;
				BUNDLE_LOADER = "$(TEST_HOST)";
				CODE_SIGN_STYLE = Automatic;
				DEVELOPMENT_TEAM = YTF2U5CADJ;
				INFOPLIST_FILE = "fastlane-jenkinsTests/Info.plist";
				LD_RUNPATH_SEARCH_PATHS = (
					"$(inherited)",
					"@executable_path/Frameworks",
					"@loader_path/Frameworks",
				);
				PRODUCT_BUNDLE_IDENTIFIER = "com.demo.fastlane-jenkinsTests";
				PRODUCT_NAME = "$(TARGET_NAME)";
				SWIFT_VERSION = 4.2;
				TARGETED_DEVICE_FAMILY = "1,2";
				TEST_HOST = "$(BUILT_PRODUCTS_DIR)/fastlane-jenkins.app/fastlane-jenkins";
			};
			name = Debug;
		};
		D432BE11217F605200080B64 /* Release */ = {
			isa = XCBuildConfiguration;
			baseConfigurationReference = 8551C344483C20E2F0A6F34F /* Pods-fastlane-jenkinsTests.release.xcconfig */;
			buildSettings = {
				ALWAYS_EMBED_SWIFT_STANDARD_LIBRARIES = YES;
				BUNDLE_LOADER = "$(TEST_HOST)";
				CODE_SIGN_STYLE = Automatic;
				DEVELOPMENT_TEAM = YTF2U5CADJ;
				INFOPLIST_FILE = "fastlane-jenkinsTests/Info.plist";
				LD_RUNPATH_SEARCH_PATHS = (
					"$(inherited)",
					"@executable_path/Frameworks",
					"@loader_path/Frameworks",
				);
				PRODUCT_BUNDLE_IDENTIFIER = "com.demo.fastlane-jenkinsTests";
				PRODUCT_NAME = "$(TARGET_NAME)";
				SWIFT_VERSION = 4.2;
				TARGETED_DEVICE_FAMILY = "1,2";
				TEST_HOST = "$(BUILT_PRODUCTS_DIR)/fastlane-jenkins.app/fastlane-jenkins";
			};
			name = Release;
		};
		D432BE13217F605200080B64 /* Debug */ = {
			isa = XCBuildConfiguration;
			baseConfigurationReference = 057DD74BBA7177103EFF3F76 /* Pods-fastlane-jenkinsUITests.debug.xcconfig */;
			buildSettings = {
				ALWAYS_EMBED_SWIFT_STANDARD_LIBRARIES = YES;
				CODE_SIGN_STYLE = Automatic;
				DEVELOPMENT_TEAM = YTF2U5CADJ;
				INFOPLIST_FILE = "fastlane-jenkinsUITests/Info.plist";
				LD_RUNPATH_SEARCH_PATHS = (
					"$(inherited)",
					"@executable_path/Frameworks",
					"@loader_path/Frameworks",
				);
				PRODUCT_BUNDLE_IDENTIFIER = "com.demo.fastlane-jenkinsUITests";
				PRODUCT_NAME = "$(TARGET_NAME)";
				SWIFT_VERSION = 4.2;
				TARGETED_DEVICE_FAMILY = "1,2";
				TEST_TARGET_NAME = "fastlane-jenkins";
			};
			name = Debug;
		};
		D432BE14217F605200080B64 /* Release */ = {
			isa = XCBuildConfiguration;
			baseConfigurationReference = A2B97CBE1A1B0CD5EA36713D /* Pods-fastlane-jenkinsUITests.release.xcconfig */;
			buildSettings = {
				ALWAYS_EMBED_SWIFT_STANDARD_LIBRARIES = YES;
				CODE_SIGN_STYLE = Automatic;
				DEVELOPMENT_TEAM = YTF2U5CADJ;
				INFOPLIST_FILE = "fastlane-jenkinsUITests/Info.plist";
				LD_RUNPATH_SEARCH_PATHS = (
					"$(inherited)",
					"@executable_path/Frameworks",
					"@loader_path/Frameworks",
				);
				PRODUCT_BUNDLE_IDENTIFIER = "com.demo.fastlane-jenkinsUITests";
				PRODUCT_NAME = "$(TARGET_NAME)";
				SWIFT_VERSION = 4.2;
				TARGETED_DEVICE_FAMILY = "1,2";
				TEST_TARGET_NAME = "fastlane-jenkins";
			};
			name = Release;
		};
/* End XCBuildConfiguration section */

/* Begin XCConfigurationList section */
		D432BDDF217F605100080B64 /* Build configuration list for PBXProject "fastlane-jenkins" */ = {
			isa = XCConfigurationList;
			buildConfigurations = (
				D432BE0A217F605200080B64 /* Debug */,
				D432BE0B217F605200080B64 /* Release */,
			);
			defaultConfigurationIsVisible = 0;
			defaultConfigurationName = Release;
		};
		D432BE0C217F605200080B64 /* Build configuration list for PBXNativeTarget "fastlane-jenkins" */ = {
			isa = XCConfigurationList;
			buildConfigurations = (
				D432BE0D217F605200080B64 /* Debug */,
				D432BE0E217F605200080B64 /* Release */,
			);
			defaultConfigurationIsVisible = 0;
			defaultConfigurationName = Release;
		};
		D432BE0F217F605200080B64 /* Build configuration list for PBXNativeTarget "fastlane-jenkinsTests" */ = {
			isa = XCConfigurationList;
			buildConfigurations = (
				D432BE10217F605200080B64 /* Debug */,
				D432BE11217F605200080B64 /* Release */,
			);
			defaultConfigurationIsVisible = 0;
			defaultConfigurationName = Release;
		};
		D432BE12217F605200080B64 /* Build configuration list for PBXNativeTarget "fastlane-jenkinsUITests" */ = {
			isa = XCConfigurationList;
			buildConfigurations = (
				D432BE13217F605200080B64 /* Debug */,
				D432BE14217F605200080B64 /* Release */,
			);
			defaultConfigurationIsVisible = 0;
			defaultConfigurationName = Release;
		};
/* End XCConfigurationList section */
	};
	rootObject = D432BDDC217F605100080B64 /* Project object */;
}
